
Microsoft Visual Studio Solution File, Format Version 12.00
# Visual Studio Version 17
VisualStudioVersion = 17.0.31903.59
MinimumVisualStudioVersion = 10.0.40219.1
Project("{FAE04EC0-301F-11D3-BF4B-00C04F79EFBC}") = "Console", "Console\Console.csproj", "{5029D8AC-382D-427A-BE71-2A9E9F05E3DA}"
EndProject
Project("{FAE04EC0-301F-11D3-BF4B-00C04F79EFBC}") = "FileService", "FileService\FileService.csproj", "{09C72E25-8AE3-4010-A703-DC456CB0EA62}"
EndProject
Project("{FAE04EC0-301F-11D3-BF4B-00C04F79EFBC}") = "CoreService", "CoreService\CoreService.csproj", "{473C8F20-03C3-4562-B3AC-C56A02FEE5EB}"
EndProject
Project("{FAE04EC0-301F-11D3-BF4B-00C04F79EFBC}") = "HelperService", "HelperService\HelperService.csproj", "{62AE44AE-3EA6-4431-A7D6-105889D43F04}"
EndProject
Project("{FAE04EC0-301F-11D3-BF4B-00C04F79EFBC}") = "CoreServiceTests", "CoreServiceTests\CoreServiceTests.csproj", "{16BAF326-FE9D-46FF-BA9A-B10E1681827C}"
EndProject
Project("{FAE04EC0-301F-11D3-BF4B-00C04F79EFBC}") = "FileServiceTests", "FileServiceTests\FileServiceTests.csproj", "{C251C306-E541-448C-B011-9FE6F095A232}"
EndProject
Global
	GlobalSection(SolutionConfigurationPlatforms) = preSolution
		Debug|Any CPU = Debug|Any CPU
		Release|Any CPU = Release|Any CPU
	EndGlobalSection
	GlobalSection(SolutionProperties) = preSolution
		HideSolutionNode = FALSE
	EndGlobalSection
	GlobalSection(ProjectConfigurationPlatforms) = postSolution
		{5029D8AC-382D-427A-BE71-2A9E9F05E3DA}.Debug|Any CPU.ActiveCfg = Debug|Any CPU
		{5029D8AC-382D-427A-BE71-2A9E9F05E3DA}.Debug|Any CPU.Build.0 = Debug|Any CPU
		{5029D8AC-382D-427A-BE71-2A9E9F05E3DA}.Release|Any CPU.ActiveCfg = Release|Any CPU
		{5029D8AC-382D-427A-BE71-2A9E9F05E3DA}.Release|Any CPU.Build.0 = Release|Any CPU
		{09C72E25-8AE3-4010-A703-DC456CB0EA62}.Debug|Any CPU.ActiveCfg = Debug|Any CPU
		{09C72E25-8AE3-4010-A703-DC456CB0EA62}.Debug|Any CPU.Build.0 = Debug|Any CPU
		{09C72E25-8AE3-4010-A703-DC456CB0EA62}.Release|Any CPU.ActiveCfg = Release|Any CPU
		{09C72E25-8AE3-4010-A703-DC456CB0EA62}.Release|Any CPU.Build.0 = Release|Any CPU
		{473C8F20-03C3-4562-B3AC-C56A02FEE5EB}.Debug|Any CPU.ActiveCfg = Debug|Any CPU
		{473C8F20-03C3-4562-B3AC-C56A02FEE5EB}.Debug|Any CPU.Build.0 = Debug|Any CPU
		{473C8F20-03C3-4562-B3AC-C56A02FEE5EB}.Release|Any CPU.ActiveCfg = Release|Any CPU
		{473C8F20-03C3-4562-B3AC-C56A02FEE5EB}.Release|Any CPU.Build.0 = Release|Any CPU
		{62AE44AE-3EA6-4431-A7D6-105889D43F04}.Debug|Any CPU.ActiveCfg = Debug|Any CPU
		{62AE44AE-3EA6-4431-A7D6-105889D43F04}.Debug|Any CPU.Build.0 = Debug|Any CPU
		{62AE44AE-3EA6-4431-A7D6-105889D43F04}.Release|Any CPU.ActiveCfg = Release|Any CPU
		{62AE44AE-3EA6-4431-A7D6-105889D43F04}.Release|Any CPU.Build.0 = Release|Any CPU
		{16BAF326-FE9D-46FF-BA9A-B10E1681827C}.Debug|Any CPU.ActiveCfg = Debug|Any CPU
		{16BAF326-FE9D-46FF-BA9A-B10E1681827C}.Debug|Any CPU.Build.0 = Debug|Any CPU
		{16BAF326-FE9D-46FF-BA9A-B10E1681827C}.Release|Any CPU.ActiveCfg = Release|Any CPU
		{16BAF326-FE9D-46FF-BA9A-B10E1681827C}.Release|Any CPU.Build.0 = Release|Any CPU
		{C251C306-E541-448C-B011-9FE6F095A232}.Debug|Any CPU.ActiveCfg = Debug|Any CPU
		{C251C306-E541-448C-B011-9FE6F095A232}.Debug|Any CPU.Build.0 = Debug|Any CPU
		{C251C306-E541-448C-B011-9FE6F095A232}.Release|Any CPU.ActiveCfg = Release|Any CPU
		{C251C306-E541-448C-B011-9FE6F095A232}.Release|Any CPU.Build.0 = Release|Any CPU
	EndGlobalSection
EndGlobal
